<?xml version="1.0" encoding="UTF-8" standalone="yes" ?>
<CodeBlocks_project_file>
	<FileVersion major="1" minor="6" />
	<Project>
		<Option title="model-exporter-jni" />
		<Option pch_mode="2" />
		<Option compiler="gcc" />
		<Build>
			<Target title="Linux-Debug">
				<Option output="bin/Debug/model-exporter-jni" prefix_auto="1" extension_auto="1" />
				<Option object_output="obj/Debug/" />
				<Option external_deps="../model-exporter-core/bin/Debug/libmodel-exporter-core.a;" />
				<Option type="3" />
				<Option compiler="gcc" />
				<Compiler>
					<Add option="-g" />
					<Add option="-std=c++11" />
					<Add option="-Wall" />
					<Add option="-fexceptions" />
					<Add option="-fPIC" />
					<Add directory="include" />
					<Add directory="$(J2SDKDIR)/include" />
					<Add directory="$(J2SDKDIR)/include/linux" />
					<Add directory="../model-exporter-core/include" />
					<Add directory="../assimp-4.0.1//include" />
					<Add directory="../assimp-4.0.1//build/include" />
				</Compiler>
				<Linker>
					<Add library="../assimp-4.0.1//build/code/libassimp.a" />
					<Add library="../assimp-4.0.1//build/contrib/irrXML/libIrrXML.a" />
					<Add library="../assimp-4.0.1//build/contrib/zlib/libzlibstatic.a" />
					<Add library="../model-exporter-core/bin/Debug/libmodel-exporter-core.a" />
				</Linker>
			</Target>
			<Target title="Linux-Release">
				<Option output="bin/Release/model-exporter-jni" prefix_auto="1" extension_auto="1" />
				<Option object_output="obj/Release/" />
				<Option external_deps="../model-exporter-core/bin/Release/libmodel-exporter-core.a;" />
				<Option type="3" />
				<Option compiler="gcc" />
				<Compiler>
					<Add option="-O2" />
					<Add option="-std=c++11" />
					<Add option="-Wall" />
					<Add option="-fexceptions" />
					<Add option="-fPIC" />
					<Add directory="include" />
					<Add directory="$(J2SDKDIR)/include" />
					<Add directory="$(J2SDKDIR)/include/linux" />
					<Add directory="../model-exporter-core/include" />
					<Add directory="../assimp-4.0.1//include" />
					<Add directory="../assimp-4.0.1//build/include" />
				</Compiler>
				<Linker>
					<Add option="-s" />
					<Add library="../assimp-4.0.1//build/code/libassimp.a" />
					<Add library="../assimp-4.0.1//build/contrib/irrXML/libIrrXML.a" />
					<Add library="../assimp-4.0.1//build/contrib/zlib/libzlibstatic.a" />
					<Add library="../model-exporter-core/bin/Release/libmodel-exporter-core.a" />
				</Linker>
			</Target>
			<Target title="Windows-Debug">
				<Option output="bin/WinDebug/model-exporter-jni" prefix_auto="1" extension_auto="1" />
				<Option object_output="obj/WinDebug/" />
				<Option external_deps="../model-exporter-core/bin/WinDebug/libmodel-exporter-core.a;" />
				<Option type="3" />
				<Option compiler="gcc" />
				<Compiler>
					<Add option="-g" />
					<Add option="-Wall" />
					<Add option="-std=c++11" />
					<Add option="-fexceptions" />
					<Add option="-fPIC" />
					<Add directory="include" />
					<Add directory="%JAVA_HOME%/include" />
					<Add directory="%JAVA_HOME%/include/win32" />
					<Add directory="../model-exporter-core/include" />
					<Add directory="../assimp-4.0.1//build_win/include" />
					<Add directory="../assimp-4.0.1//include" />
				</Compiler>
				<Linker>
					<Add library="../assimp-4.0.1//build_win/code/libassimp.a" />
					<Add library="../assimp-4.0.1//build_win/contrib/zlib/libzlibstatic.a" />
					<Add library="../assimp-4.0.1//build_win/contrib/irrXML/libIrrXML.a" />
					<Add library="../model-exporter-core/bin/WinDebug/libmodel-exporter-core.a" />
				</Linker>
			</Target>
			<Target title="Windows-Release">
				<Option output="bin/WinRelease/model-exporter-jni" prefix_auto="1" extension_auto="1" />
				<Option object_output="obj/WinRelease/" />
				<Option external_deps="../model-exporter-core/bin/WinRelease/libmodel-exporter-core.a;" />
				<Option type="3" />
				<Option compiler="gcc" />
				<Compiler>
					<Add option="-O2" />
					<Add option="-Wall" />
					<Add option="-std=c++11" />
					<Add option="-fexceptions" />
					<Add option="-fPIC" />
					<Add directory="include" />
					<Add directory="%JAVA_HOME%/include" />
					<Add directory="%JAVA_HOME%/include/win32" />
					<Add directory="../model-exporter-core/include" />
					<Add directory="../assimp-4.0.1//build_win/include" />
					<Add directory="../assimp-4.0.1//include" />
				</Compiler>
				<Linker>
					<Add option="-s" />
					<Add library="../assimp-4.0.1//build_win/code/libassimp.a" />
					<Add library="../assimp-4.0.1//build_win/contrib/zlib/libzlibstatic.a" />
					<Add library="../assimp-4.0.1//build_win/contrib/irrXML/libIrrXML.a" />
					<Add library="../model-exporter-core/bin/WinRelease/libmodel-exporter-core.a" />
				</Linker>
			</Target>
		</Build>
		<Unit filename="include/ModelExporter.h" />
		<Unit filename="src/ModelExporter.cpp" />
		<Extensions>
			<code_completion />
			<debugger />
		</Extensions>
	</Project>
</CodeBlocks_project_file>
